// !$*UTF8*$!
{
	archiveVersion = 1;
	classes = {
	};
	objectVersion = 52;
	objects = {

/* Begin PBXBuildFile section */
		7D5C4FC010AE46EB90F11CFA /* Pods_LWMusic__iOS_.framework in Frameworks */ = {isa = PBXBuildFile; fileRef = 8DB6905EAE5266643B6F4661 /* Pods_LWMusic__iOS_.framework */; };
		A5A04ED8133F9FD58E326A64 /* Pods_LWMusicWidgetExtension.framework in Frameworks */ = {isa = PBXBuildFile; fileRef = A8EAED82836DB58FC3D8A6DD /* Pods_LWMusicWidgetExtension.framework */; };
		AF11429926B840D500228BCE /* MusicMiddleWidget.swift in Sources */ = {isa = PBXBuildFile; fileRef = AF11429826B840D500228BCE /* MusicMiddleWidget.swift */; };
		AF11429B26B840EC00228BCE /* MusicBigWidget.swift in Sources */ = {isa = PBXBuildFile; fileRef = AF11429A26B840EC00228BCE /* MusicBigWidget.swift */; };
		AF21A572266F498300607FCA /* Tests_iOS.swift in Sources */ = {isa = PBXBuildFile; fileRef = AF21A571266F498300607FCA /* Tests_iOS.swift */; };
		AF21A57D266F498300607FCA /* Tests_macOS.swift in Sources */ = {isa = PBXBuildFile; fileRef = AF21A57C266F498300607FCA /* Tests_macOS.swift */; };
		AF21A57F266F498300607FCA /* LWMusicApp.swift in Sources */ = {isa = PBXBuildFile; fileRef = AF21A556266F498100607FCA /* LWMusicApp.swift */; };
		AF21A580266F498300607FCA /* LWMusicApp.swift in Sources */ = {isa = PBXBuildFile; fileRef = AF21A556266F498100607FCA /* LWMusicApp.swift */; };
		AF21A581266F498300607FCA /* CalculatorRootView.swift in Sources */ = {isa = PBXBuildFile; fileRef = AF21A557266F498100607FCA /* CalculatorRootView.swift */; };
		AF21A583266F498300607FCA /* Assets.xcassets in Resources */ = {isa = PBXBuildFile; fileRef = AF21A558266F498300607FCA /* Assets.xcassets */; };
		AF21A584266F498300607FCA /* Assets.xcassets in Resources */ = {isa = PBXBuildFile; fileRef = AF21A558266F498300607FCA /* Assets.xcassets */; };
		AF21A599266F4C8F00607FCA /* WidgetKit.framework in Frameworks */ = {isa = PBXBuildFile; fileRef = AF21A598266F4C8F00607FCA /* WidgetKit.framework */; };
		AF21A59B266F4C8F00607FCA /* SwiftUI.framework in Frameworks */ = {isa = PBXBuildFile; fileRef = AF21A59A266F4C8F00607FCA /* SwiftUI.framework */; };
		AF21A59E266F4C8F00607FCA /* LWMusicWidget.swift in Sources */ = {isa = PBXBuildFile; fileRef = AF21A59D266F4C8F00607FCA /* LWMusicWidget.swift */; };
		AF21A5A1266F4C9000607FCA /* Assets.xcassets in Resources */ = {isa = PBXBuildFile; fileRef = AF21A5A0266F4C9000607FCA /* Assets.xcassets */; };
		AF21A5A3266F4C9000607FCA /* LWMusicWidget.intentdefinition in Sources */ = {isa = PBXBuildFile; fileRef = AF21A59F266F4C8F00607FCA /* LWMusicWidget.intentdefinition */; };
		AF21A5A4266F4C9000607FCA /* LWMusicWidget.intentdefinition in Sources */ = {isa = PBXBuildFile; fileRef = AF21A59F266F4C8F00607FCA /* LWMusicWidget.intentdefinition */; };
		AF21A5A7266F4C9000607FCA /* LWMusicWidgetExtension.appex in Embed App Extensions */ = {isa = PBXBuildFile; fileRef = AF21A597266F4C8F00607FCA /* LWMusicWidgetExtension.appex */; settings = {ATTRIBUTES = (RemoveHeadersOnCopy, ); }; };
		AF21A5AE266F71DA00607FCA /* CalculatorButtonItem.swift in Sources */ = {isa = PBXBuildFile; fileRef = AF21A5AD266F71DA00607FCA /* CalculatorButtonItem.swift */; };
		AF24FFE72679FD18007EA745 /* CalculatorBrain.swift in Sources */ = {isa = PBXBuildFile; fileRef = AF24FFE62679FD18007EA745 /* CalculatorBrain.swift */; };
		AF24FFEA267A0493007EA745 /* CalculatorModel.swift in Sources */ = {isa = PBXBuildFile; fileRef = AF24FFE9267A0493007EA745 /* CalculatorModel.swift */; };
		AF2DE932269C90820099D94F /* FileHelper.swift in Sources */ = {isa = PBXBuildFile; fileRef = AF2DE92F269C90820099D94F /* FileHelper.swift */; };
		AF2DE933269C90820099D94F /* Helpers.swift in Sources */ = {isa = PBXBuildFile; fileRef = AF2DE930269C90820099D94F /* Helpers.swift */; };
		AF2DE943269C939C0099D94F /* AppState.swift in Sources */ = {isa = PBXBuildFile; fileRef = AF2DE936269C939B0099D94F /* AppState.swift */; };
		AF2DE944269C939C0099D94F /* AppCommand.swift in Sources */ = {isa = PBXBuildFile; fileRef = AF2DE937269C939B0099D94F /* AppCommand.swift */; };
		AF2DE945269C939C0099D94F /* AppError.swift in Sources */ = {isa = PBXBuildFile; fileRef = AF2DE938269C939B0099D94F /* AppError.swift */; };
		AF2DE946269C939C0099D94F /* AppAction.swift in Sources */ = {isa = PBXBuildFile; fileRef = AF2DE939269C939B0099D94F /* AppAction.swift */; };
		AF2DE947269C939C0099D94F /* Store.swift in Sources */ = {isa = PBXBuildFile; fileRef = AF2DE93A269C939B0099D94F /* Store.swift */; };
		AF2DE948269C939C0099D94F /* FileStorage.swift in Sources */ = {isa = PBXBuildFile; fileRef = AF2DE93C269C939C0099D94F /* FileStorage.swift */; };
		AF2DE949269C939C0099D94F /* LoginRequest.swift in Sources */ = {isa = PBXBuildFile; fileRef = AF2DE93E269C939C0099D94F /* LoginRequest.swift */; };
		AF2DE94A269C939C0099D94F /* RegisterRequest.swift in Sources */ = {isa = PBXBuildFile; fileRef = AF2DE93F269C939C0099D94F /* RegisterRequest.swift */; };
		AF2DE94C269C939C0099D94F /* LoadMusicRequest.swift in Sources */ = {isa = PBXBuildFile; fileRef = AF2DE941269C939C0099D94F /* LoadMusicRequest.swift */; };
		AF2DE94D269C939C0099D94F /* EmailCheckingRequest.swift in Sources */ = {isa = PBXBuildFile; fileRef = AF2DE942269C939C0099D94F /* EmailCheckingRequest.swift */; };
		AF2DE954269C993F0099D94F /* BlurView.swift in Sources */ = {isa = PBXBuildFile; fileRef = AF2DE951269C993F0099D94F /* BlurView.swift */; };
		AF2DE955269C993F0099D94F /* OverlaySheet.swift in Sources */ = {isa = PBXBuildFile; fileRef = AF2DE952269C993F0099D94F /* OverlaySheet.swift */; };
		AF2DE956269C993F0099D94F /* SafariView.swift in Sources */ = {isa = PBXBuildFile; fileRef = AF2DE953269C993F0099D94F /* SafariView.swift */; };
		AF2DE958269C9A920099D94F /* MusicList.swift in Sources */ = {isa = PBXBuildFile; fileRef = AF2DE957269C9A920099D94F /* MusicList.swift */; };
		AF2DE95A269C9ABF0099D94F /* MusicDetail.swift in Sources */ = {isa = PBXBuildFile; fileRef = AF2DE959269C9ABF0099D94F /* MusicDetail.swift */; };
		AF5E21BF26A2C25700B97E75 /* Alfa Slab One.ttf in Resources */ = {isa = PBXBuildFile; fileRef = AF5E21BE26A2C25700B97E75 /* Alfa Slab One.ttf */; };
		AF6A9EC426B3DAB300B1AC3E /* Alamofire in Frameworks */ = {isa = PBXBuildFile; productRef = AF6A9EC326B3DAB300B1AC3E /* Alamofire */; };
		AF6A9EC726B3DB7200B1AC3E /* Reachability in Frameworks */ = {isa = PBXBuildFile; productRef = AF6A9EC626B3DB7200B1AC3E /* Reachability */; };
		AF6A9ECA26B3DDE200B1AC3E /* KeychainAccess in Frameworks */ = {isa = PBXBuildFile; productRef = AF6A9EC926B3DDE200B1AC3E /* KeychainAccess */; };
		AF6A9ECD26B3EEB000B1AC3E /* SwiftyJSON in Frameworks */ = {isa = PBXBuildFile; productRef = AF6A9ECC26B3EEB000B1AC3E /* SwiftyJSON */; };
		AF6A9ECF26B5030100B1AC3E /* User.swift in Sources */ = {isa = PBXBuildFile; fileRef = AF6A9ECE26B5030100B1AC3E /* User.swift */; };
		AF6A9ED226B5055100B1AC3E /* Music.swift in Sources */ = {isa = PBXBuildFile; fileRef = AF6A9ED126B5055100B1AC3E /* Music.swift */; };
		AF6A9ED526B506F600B1AC3E /* MusicViewModel.swift in Sources */ = {isa = PBXBuildFile; fileRef = AF6A9ED426B506F600B1AC3E /* MusicViewModel.swift */; };
		AF7F4B8826B922D800B2D74E /* FileHelper.swift in Sources */ = {isa = PBXBuildFile; fileRef = AF2DE92F269C90820099D94F /* FileHelper.swift */; };
		AF7F4B8926B922DC00B2D74E /* Helpers.swift in Sources */ = {isa = PBXBuildFile; fileRef = AF2DE930269C90820099D94F /* Helpers.swift */; };
		AF7F4B8A26B922EB00B2D74E /* AppAction.swift in Sources */ = {isa = PBXBuildFile; fileRef = AF2DE939269C939B0099D94F /* AppAction.swift */; };
		AF7F4B8B26B922ED00B2D74E /* AppError.swift in Sources */ = {isa = PBXBuildFile; fileRef = AF2DE938269C939B0099D94F /* AppError.swift */; };
		AF7F4B8C26B922EF00B2D74E /* AppCommand.swift in Sources */ = {isa = PBXBuildFile; fileRef = AF2DE937269C939B0099D94F /* AppCommand.swift */; };
		AF7F4B8D26B922F100B2D74E /* AppState.swift in Sources */ = {isa = PBXBuildFile; fileRef = AF2DE936269C939B0099D94F /* AppState.swift */; };
		AF7F4B8E26B922F400B2D74E /* Store.swift in Sources */ = {isa = PBXBuildFile; fileRef = AF2DE93A269C939B0099D94F /* Store.swift */; };
		AF7F4B8F26B9230B00B2D74E /* User.swift in Sources */ = {isa = PBXBuildFile; fileRef = AF6A9ECE26B5030100B1AC3E /* User.swift */; };
		AF7F4B9026B9230E00B2D74E /* Music.swift in Sources */ = {isa = PBXBuildFile; fileRef = AF6A9ED126B5055100B1AC3E /* Music.swift */; };
		AF7F4B9126B9231100B2D74E /* MusicViewModel.swift in Sources */ = {isa = PBXBuildFile; fileRef = AF6A9ED426B506F600B1AC3E /* MusicViewModel.swift */; };
		AF7F4B9226B9232500B2D74E /* LoginRequest.swift in Sources */ = {isa = PBXBuildFile; fileRef = AF2DE93E269C939C0099D94F /* LoginRequest.swift */; };
		AF7F4B9326B9232700B2D74E /* RegisterRequest.swift in Sources */ = {isa = PBXBuildFile; fileRef = AF2DE93F269C939C0099D94F /* RegisterRequest.swift */; };
		AF7F4B9426B9232900B2D74E /* LoadMusicRequest.swift in Sources */ = {isa = PBXBuildFile; fileRef = AF2DE941269C939C0099D94F /* LoadMusicRequest.swift */; };
		AF7F4B9526B9232B00B2D74E /* EmailCheckingRequest.swift in Sources */ = {isa = PBXBuildFile; fileRef = AF2DE942269C939C0099D94F /* EmailCheckingRequest.swift */; };
		AF7F4B9626B9232E00B2D74E /* FileStorage.swift in Sources */ = {isa = PBXBuildFile; fileRef = AF2DE93C269C939C0099D94F /* FileStorage.swift */; };
		AF7F4B9D26B926F400B2D74E /* MusicBigWidget.swift in Sources */ = {isa = PBXBuildFile; fileRef = AF11429A26B840EC00228BCE /* MusicBigWidget.swift */; };
		AF7F4B9E26B926F600B2D74E /* MusicMiddleWidget.swift in Sources */ = {isa = PBXBuildFile; fileRef = AF11429826B840D500228BCE /* MusicMiddleWidget.swift */; };
		AF7F4BA026B9308500B2D74E /* DateHelper.swift in Sources */ = {isa = PBXBuildFile; fileRef = AF7F4B9F26B9308500B2D74E /* DateHelper.swift */; };
		AF7F4BA126B9308500B2D74E /* DateHelper.swift in Sources */ = {isa = PBXBuildFile; fileRef = AF7F4B9F26B9308500B2D74E /* DateHelper.swift */; };
		AF7F4BA326B98B1B00B2D74E /* DecoderHelper.swift in Sources */ = {isa = PBXBuildFile; fileRef = AF7F4BA226B98B1B00B2D74E /* DecoderHelper.swift */; };
		AF7F4BA426B98B1B00B2D74E /* DecoderHelper.swift in Sources */ = {isa = PBXBuildFile; fileRef = AF7F4BA226B98B1B00B2D74E /* DecoderHelper.swift */; };
		AF7F4BA626B99D3B00B2D74E /* musiclist.json in Resources */ = {isa = PBXBuildFile; fileRef = AF7F4BA526B99D3B00B2D74E /* musiclist.json */; };
		AF7F4BA726B99D3B00B2D74E /* musiclist.json in Resources */ = {isa = PBXBuildFile; fileRef = AF7F4BA526B99D3B00B2D74E /* musiclist.json */; };
		AF7F4BA926B99DF300B2D74E /* DefaultDataHelper.swift in Sources */ = {isa = PBXBuildFile; fileRef = AF7F4BA826B99DF300B2D74E /* DefaultDataHelper.swift */; };
		AF7F4BAA26B99DF300B2D74E /* DefaultDataHelper.swift in Sources */ = {isa = PBXBuildFile; fileRef = AF7F4BA826B99DF300B2D74E /* DefaultDataHelper.swift */; };
		AF7F4BAD26BAE42300B2D74E /* MusicWidget.swift in Sources */ = {isa = PBXBuildFile; fileRef = AF7F4BAC26BAE42300B2D74E /* MusicWidget.swift */; };
		AF7F4BAE26BAE42300B2D74E /* MusicWidget.swift in Sources */ = {isa = PBXBuildFile; fileRef = AF7F4BAC26BAE42300B2D74E /* MusicWidget.swift */; };
		AF7F4BB026BAE4A000B2D74E /* MusicWidgetConfig.swift in Sources */ = {isa = PBXBuildFile; fileRef = AF7F4BAF26BAE4A000B2D74E /* MusicWidgetConfig.swift */; };
		AF7F4BB126BAE4A000B2D74E /* MusicWidgetConfig.swift in Sources */ = {isa = PBXBuildFile; fileRef = AF7F4BAF26BAE4A000B2D74E /* MusicWidgetConfig.swift */; };
		AF7F4BB326BAE5BC00B2D74E /* ColorHelper.swift in Sources */ = {isa = PBXBuildFile; fileRef = AF7F4BB226BAE5BC00B2D74E /* ColorHelper.swift */; };
		AF7F4BB426BAE5BC00B2D74E /* ColorHelper.swift in Sources */ = {isa = PBXBuildFile; fileRef = AF7F4BB226BAE5BC00B2D74E /* ColorHelper.swift */; };
		AF7F4BB626BAEDBE00B2D74E /* UserDefaults.swift in Sources */ = {isa = PBXBuildFile; fileRef = AF7F4BB526BAEDBE00B2D74E /* UserDefaults.swift */; };
		AF7F4BB726BAEDBE00B2D74E /* UserDefaults.swift in Sources */ = {isa = PBXBuildFile; fileRef = AF7F4BB526BAEDBE00B2D74E /* UserDefaults.swift */; };
		AF7F4BB926BAF0A000B2D74E /* IntentHandler.swift in Sources */ = {isa = PBXBuildFile; fileRef = AF7F4BB826BAF0A000B2D74E /* IntentHandler.swift */; };
		AF7F4BBA26BAF0A000B2D74E /* IntentHandler.swift in Sources */ = {isa = PBXBuildFile; fileRef = AF7F4BB826BAF0A000B2D74E /* IntentHandler.swift */; };
		AF7F4BBC26BAF15100B2D74E /* ImagePicker.swift in Sources */ = {isa = PBXBuildFile; fileRef = AF7F4BBB26BAF15100B2D74E /* ImagePicker.swift */; };
		AF7F4BBD26BAF15100B2D74E /* ImagePicker.swift in Sources */ = {isa = PBXBuildFile; fileRef = AF7F4BBB26BAF15100B2D74E /* ImagePicker.swift */; };
		AF9E6CB42683583E008DA489 /* CalculatorView.swift in Sources */ = {isa = PBXBuildFile; fileRef = AF9E6CB32683583E008DA489 /* CalculatorView.swift */; };
		AFBA378F26BFFF7300A2B853 /* Assets.xcassets in Resources */ = {isa = PBXBuildFile; fileRef = AF21A558266F498300607FCA /* Assets.xcassets */; };
		AFBA379126C1742800A2B853 /* PoetryRequest.swift in Sources */ = {isa = PBXBuildFile; fileRef = AFBA379026C1742800A2B853 /* PoetryRequest.swift */; };
		E93F3BC5582836106D2DB3DB /* Pods_LWMusic__macOS_.framework in Frameworks */ = {isa = PBXBuildFile; fileRef = CD8D6A1EC73061E1A27D9113 /* Pods_LWMusic__macOS_.framework */; };
/* End PBXBuildFile section */

/* Begin PBXContainerItemProxy section */
		AF21A56E266F498300607FCA /* PBXContainerItemProxy */ = {
			isa = PBXContainerItemProxy;
			containerPortal = AF21A551266F498100607FCA /* Project object */;
			proxyType = 1;
			remoteGlobalIDString = AF21A55C266F498300607FCA;
			remoteInfo = "LWMusic (iOS)";
		};
		AF21A579266F498300607FCA /* PBXContainerItemProxy */ = {
			isa = PBXContainerItemProxy;
			containerPortal = AF21A551266F498100607FCA /* Project object */;
			proxyType = 1;
			remoteGlobalIDString = AF21A564266F498300607FCA;
			remoteInfo = "LWMusic (macOS)";
		};
		AF21A5A5266F4C9000607FCA /* PBXContainerItemProxy */ = {
			isa = PBXContainerItemProxy;
			containerPortal = AF21A551266F498100607FCA /* Project object */;
			proxyType = 1;
			remoteGlobalIDString = AF21A596266F4C8F00607FCA;
			remoteInfo = LWMusicWidgetExtension;
		};
/* End PBXContainerItemProxy section */

/* Begin PBXCopyFilesBuildPhase section */
		AF21A5AB266F4C9000607FCA /* Embed App Extensions */ = {
			isa = PBXCopyFilesBuildPhase;
			buildActionMask = 2147483647;
			dstPath = "";
			dstSubfolderSpec = 13;
			files = (
				AF21A5A7266F4C9000607FCA /* LWMusicWidgetExtension.appex in Embed App Extensions */,
			);
			name = "Embed App Extensions";
			runOnlyForDeploymentPostprocessing = 0;
		};
/* End PBXCopyFilesBuildPhase section */

/* Begin PBXFileReference section */
		0B2DDDF91967977CBD063251 /* Pods-LWMusicWidgetExtension.debug.xcconfig */ = {isa = PBXFileReference; includeInIndex = 1; lastKnownFileType = text.xcconfig; name = "Pods-LWMusicWidgetExtension.debug.xcconfig"; path = "Target Support Files/Pods-LWMusicWidgetExtension/Pods-LWMusicWidgetExtension.debug.xcconfig"; sourceTree = "<group>"; };
		34071A9A195BCCB09DC91B7B /* Pods-LWMusicWidgetExtension.release.xcconfig */ = {isa = PBXFileReference; includeInIndex = 1; lastKnownFileType = text.xcconfig; name = "Pods-LWMusicWidgetExtension.release.xcconfig"; path = "Target Support Files/Pods-LWMusicWidgetExtension/Pods-LWMusicWidgetExtension.release.xcconfig"; sourceTree = "<group>"; };
		8DB6905EAE5266643B6F4661 /* Pods_LWMusic__iOS_.framework */ = {isa = PBXFileReference; explicitFileType = wrapper.framework; includeInIndex = 0; path = Pods_LWMusic__iOS_.framework; sourceTree = BUILT_PRODUCTS_DIR; };
		9991ACAA656266C235E034E0 /* Pods-LWMusic (iOS).release.xcconfig */ = {isa = PBXFileReference; includeInIndex = 1; lastKnownFileType = text.xcconfig; name = "Pods-LWMusic (iOS).release.xcconfig"; path = "Target Support Files/Pods-LWMusic (iOS)/Pods-LWMusic (iOS).release.xcconfig"; sourceTree = "<group>"; };
		A8EAED82836DB58FC3D8A6DD /* Pods_LWMusicWidgetExtension.framework */ = {isa = PBXFileReference; explicitFileType = wrapper.framework; includeInIndex = 0; path = Pods_LWMusicWidgetExtension.framework; sourceTree = BUILT_PRODUCTS_DIR; };
		AF11429826B840D500228BCE /* MusicMiddleWidget.swift */ = {isa = PBXFileReference; lastKnownFileType = sourcecode.swift; path = MusicMiddleWidget.swift; sourceTree = "<group>"; };
		AF11429A26B840EC00228BCE /* MusicBigWidget.swift */ = {isa = PBXFileReference; lastKnownFileType = sourcecode.swift; path = MusicBigWidget.swift; sourceTree = "<group>"; };
		AF21A556266F498100607FCA /* LWMusicApp.swift */ = {isa = PBXFileReference; lastKnownFileType = sourcecode.swift; path = LWMusicApp.swift; sourceTree = "<group>"; };
		AF21A557266F498100607FCA /* CalculatorRootView.swift */ = {isa = PBXFileReference; lastKnownFileType = sourcecode.swift; path = CalculatorRootView.swift; sourceTree = "<group>"; };
		AF21A558266F498300607FCA /* Assets.xcassets */ = {isa = PBXFileReference; lastKnownFileType = folder.assetcatalog; path = Assets.xcassets; sourceTree = "<group>"; };
		AF21A55D266F498300607FCA /* LWMusic.app */ = {isa = PBXFileReference; explicitFileType = wrapper.application; includeInIndex = 0; path = LWMusic.app; sourceTree = BUILT_PRODUCTS_DIR; };
		AF21A560266F498300607FCA /* Info.plist */ = {isa = PBXFileReference; lastKnownFileType = text.plist.xml; path = Info.plist; sourceTree = "<group>"; };
		AF21A565266F498300607FCA /* LWMusic.app */ = {isa = PBXFileReference; explicitFileType = wrapper.application; includeInIndex = 0; path = LWMusic.app; sourceTree = BUILT_PRODUCTS_DIR; };
		AF21A567266F498300607FCA /* Info.plist */ = {isa = PBXFileReference; lastKnownFileType = text.plist.xml; path = Info.plist; sourceTree = "<group>"; };
		AF21A568266F498300607FCA /* macOS.entitlements */ = {isa = PBXFileReference; lastKnownFileType = text.plist.entitlements; path = macOS.entitlements; sourceTree = "<group>"; };
		AF21A56D266F498300607FCA /* Tests iOS.xctest */ = {isa = PBXFileReference; explicitFileType = wrapper.cfbundle; includeInIndex = 0; path = "Tests iOS.xctest"; sourceTree = BUILT_PRODUCTS_DIR; };
		AF21A571266F498300607FCA /* Tests_iOS.swift */ = {isa = PBXFileReference; lastKnownFileType = sourcecode.swift; path = Tests_iOS.swift; sourceTree = "<group>"; };
		AF21A573266F498300607FCA /* Info.plist */ = {isa = PBXFileReference; lastKnownFileType = text.plist.xml; path = Info.plist; sourceTree = "<group>"; };
		AF21A578266F498300607FCA /* Tests macOS.xctest */ = {isa = PBXFileReference; explicitFileType = wrapper.cfbundle; includeInIndex = 0; path = "Tests macOS.xctest"; sourceTree = BUILT_PRODUCTS_DIR; };
		AF21A57C266F498300607FCA /* Tests_macOS.swift */ = {isa = PBXFileReference; lastKnownFileType = sourcecode.swift; path = Tests_macOS.swift; sourceTree = "<group>"; };
		AF21A57E266F498300607FCA /* Info.plist */ = {isa = PBXFileReference; lastKnownFileType = text.plist.xml; path = Info.plist; sourceTree = "<group>"; };
		AF21A597266F4C8F00607FCA /* LWMusicWidgetExtension.appex */ = {isa = PBXFileReference; explicitFileType = "wrapper.app-extension"; includeInIndex = 0; path = LWMusicWidgetExtension.appex; sourceTree = BUILT_PRODUCTS_DIR; };
		AF21A598266F4C8F00607FCA /* WidgetKit.framework */ = {isa = PBXFileReference; lastKnownFileType = wrapper.framework; name = WidgetKit.framework; path = System/Library/Frameworks/WidgetKit.framework; sourceTree = SDKROOT; };
		AF21A59A266F4C8F00607FCA /* SwiftUI.framework */ = {isa = PBXFileReference; lastKnownFileType = wrapper.framework; name = SwiftUI.framework; path = System/Library/Frameworks/SwiftUI.framework; sourceTree = SDKROOT; };
		AF21A59D266F4C8F00607FCA /* LWMusicWidget.swift */ = {isa = PBXFileReference; lastKnownFileType = sourcecode.swift; path = LWMusicWidget.swift; sourceTree = "<group>"; };
		AF21A59F266F4C8F00607FCA /* LWMusicWidget.intentdefinition */ = {isa = PBXFileReference; lastKnownFileType = file.intentdefinition; path = LWMusicWidget.intentdefinition; sourceTree = "<group>"; };
		AF21A5A0266F4C9000607FCA /* Assets.xcassets */ = {isa = PBXFileReference; lastKnownFileType = folder.assetcatalog; path = Assets.xcassets; sourceTree = "<group>"; };
		AF21A5A2266F4C9000607FCA /* Info.plist */ = {isa = PBXFileReference; lastKnownFileType = text.plist.xml; path = Info.plist; sourceTree = "<group>"; };
		AF21A5AC266F685300607FCA /* LWMusicWidgetExtension.entitlements */ = {isa = PBXFileReference; lastKnownFileType = text.plist.entitlements; path = LWMusicWidgetExtension.entitlements; sourceTree = "<group>"; };
		AF21A5AD266F71DA00607FCA /* CalculatorButtonItem.swift */ = {isa = PBXFileReference; lastKnownFileType = sourcecode.swift; path = CalculatorButtonItem.swift; sourceTree = "<group>"; };
		AF24FFE62679FD18007EA745 /* CalculatorBrain.swift */ = {isa = PBXFileReference; fileEncoding = 4; lastKnownFileType = sourcecode.swift; path = CalculatorBrain.swift; sourceTree = "<group>"; };
		AF24FFE9267A0493007EA745 /* CalculatorModel.swift */ = {isa = PBXFileReference; lastKnownFileType = sourcecode.swift; path = CalculatorModel.swift; sourceTree = "<group>"; };
		AF2DE92F269C90820099D94F /* FileHelper.swift */ = {isa = PBXFileReference; fileEncoding = 4; lastKnownFileType = sourcecode.swift; path = FileHelper.swift; sourceTree = "<group>"; };
		AF2DE930269C90820099D94F /* Helpers.swift */ = {isa = PBXFileReference; fileEncoding = 4; lastKnownFileType = sourcecode.swift; path = Helpers.swift; sourceTree = "<group>"; };
		AF2DE936269C939B0099D94F /* AppState.swift */ = {isa = PBXFileReference; fileEncoding = 4; lastKnownFileType = sourcecode.swift; path = AppState.swift; sourceTree = "<group>"; };
		AF2DE937269C939B0099D94F /* AppCommand.swift */ = {isa = PBXFileReference; fileEncoding = 4; lastKnownFileType = sourcecode.swift; path = AppCommand.swift; sourceTree = "<group>"; };
		AF2DE938269C939B0099D94F /* AppError.swift */ = {isa = PBXFileReference; fileEncoding = 4; lastKnownFileType = sourcecode.swift; path = AppError.swift; sourceTree = "<group>"; };
		AF2DE939269C939B0099D94F /* AppAction.swift */ = {isa = PBXFileReference; fileEncoding = 4; lastKnownFileType = sourcecode.swift; path = AppAction.swift; sourceTree = "<group>"; };
		AF2DE93A269C939B0099D94F /* Store.swift */ = {isa = PBXFileReference; fileEncoding = 4; lastKnownFileType = sourcecode.swift; path = Store.swift; sourceTree = "<group>"; };
		AF2DE93C269C939C0099D94F /* FileStorage.swift */ = {isa = PBXFileReference; fileEncoding = 4; lastKnownFileType = sourcecode.swift; path = FileStorage.swift; sourceTree = "<group>"; };
		AF2DE93E269C939C0099D94F /* LoginRequest.swift */ = {isa = PBXFileReference; fileEncoding = 4; lastKnownFileType = sourcecode.swift; path = LoginRequest.swift; sourceTree = "<group>"; };
		AF2DE93F269C939C0099D94F /* RegisterRequest.swift */ = {isa = PBXFileReference; fileEncoding = 4; lastKnownFileType = sourcecode.swift; path = RegisterRequest.swift; sourceTree = "<group>"; };
		AF2DE941269C939C0099D94F /* LoadMusicRequest.swift */ = {isa = PBXFileReference; fileEncoding = 4; lastKnownFileType = sourcecode.swift; path = LoadMusicRequest.swift; sourceTree = "<group>"; };
		AF2DE942269C939C0099D94F /* EmailCheckingRequest.swift */ = {isa = PBXFileReference; fileEncoding = 4; lastKnownFileType = sourcecode.swift; path = EmailCheckingRequest.swift; sourceTree = "<group>"; };
		AF2DE951269C993F0099D94F /* BlurView.swift */ = {isa = PBXFileReference; fileEncoding = 4; lastKnownFileType = sourcecode.swift; path = BlurView.swift; sourceTree = "<group>"; };
		AF2DE952269C993F0099D94F /* OverlaySheet.swift */ = {isa = PBXFileReference; fileEncoding = 4; lastKnownFileType = sourcecode.swift; path = OverlaySheet.swift; sourceTree = "<group>"; };
		AF2DE953269C993F0099D94F /* SafariView.swift */ = {isa = PBXFileReference; fileEncoding = 4; lastKnownFileType = sourcecode.swift; path = SafariView.swift; sourceTree = "<group>"; };
		AF2DE957269C9A920099D94F /* MusicList.swift */ = {isa = PBXFileReference; lastKnownFileType = sourcecode.swift; path = MusicList.swift; sourceTree = "<group>"; };
		AF2DE959269C9ABF0099D94F /* MusicDetail.swift */ = {isa = PBXFileReference; lastKnownFileType = sourcecode.swift; path = MusicDetail.swift; sourceTree = "<group>"; };
		AF5E21BE26A2C25700B97E75 /* Alfa Slab One.ttf */ = {isa = PBXFileReference; lastKnownFileType = file; path = "Alfa Slab One.ttf"; sourceTree = "<group>"; };
		AF6A9ECE26B5030100B1AC3E /* User.swift */ = {isa = PBXFileReference; lastKnownFileType = sourcecode.swift; path = User.swift; sourceTree = "<group>"; };
		AF6A9ED126B5055100B1AC3E /* Music.swift */ = {isa = PBXFileReference; lastKnownFileType = sourcecode.swift; path = Music.swift; sourceTree = "<group>"; };
		AF6A9ED426B506F600B1AC3E /* MusicViewModel.swift */ = {isa = PBXFileReference; lastKnownFileType = sourcecode.swift; path = MusicViewModel.swift; sourceTree = "<group>"; };
		AF7F4B9F26B9308500B2D74E /* DateHelper.swift */ = {isa = PBXFileReference; lastKnownFileType = sourcecode.swift; path = DateHelper.swift; sourceTree = "<group>"; };
		AF7F4BA226B98B1B00B2D74E /* DecoderHelper.swift */ = {isa = PBXFileReference; lastKnownFileType = sourcecode.swift; path = DecoderHelper.swift; sourceTree = "<group>"; };
		AF7F4BA526B99D3B00B2D74E /* musiclist.json */ = {isa = PBXFileReference; fileEncoding = 4; lastKnownFileType = text.json; path = musiclist.json; sourceTree = "<group>"; };
		AF7F4BA826B99DF300B2D74E /* DefaultDataHelper.swift */ = {isa = PBXFileReference; lastKnownFileType = sourcecode.swift; path = DefaultDataHelper.swift; sourceTree = "<group>"; };
		AF7F4BAC26BAE42300B2D74E /* MusicWidget.swift */ = {isa = PBXFileReference; lastKnownFileType = sourcecode.swift; path = MusicWidget.swift; sourceTree = "<group>"; };
		AF7F4BAF26BAE4A000B2D74E /* MusicWidgetConfig.swift */ = {isa = PBXFileReference; lastKnownFileType = sourcecode.swift; path = MusicWidgetConfig.swift; sourceTree = "<group>"; };
		AF7F4BB226BAE5BC00B2D74E /* ColorHelper.swift */ = {isa = PBXFileReference; lastKnownFileType = sourcecode.swift; path = ColorHelper.swift; sourceTree = "<group>"; };
		AF7F4BB526BAEDBE00B2D74E /* UserDefaults.swift */ = {isa = PBXFileReference; lastKnownFileType = sourcecode.swift; path = UserDefaults.swift; sourceTree = "<group>"; };
		AF7F4BB826BAF0A000B2D74E /* IntentHandler.swift */ = {isa = PBXFileReference; lastKnownFileType = sourcecode.swift; path = IntentHandler.swift; sourceTree = "<group>"; };
		AF7F4BBB26BAF15100B2D74E /* ImagePicker.swift */ = {isa = PBXFileReference; lastKnownFileType = sourcecode.swift; path = ImagePicker.swift; sourceTree = "<group>"; };
		AF9E6CB32683583E008DA489 /* CalculatorView.swift */ = {isa = PBXFileReference; lastKnownFileType = sourcecode.swift; path = CalculatorView.swift; sourceTree = "<group>"; };
		AFBA379026C1742800A2B853 /* PoetryRequest.swift */ = {isa = PBXFileReference; lastKnownFileType = sourcecode.swift; path = PoetryRequest.swift; sourceTree = "<group>"; };
		BA5EA5DA6D317C1F70E13E4F /* Pods-LWMusic (iOS).debug.xcconfig */ = {isa = PBXFileReference; includeInIndex = 1; lastKnownFileType = text.xcconfig; name = "Pods-LWMusic (iOS).debug.xcconfig"; path = "Target Support Files/Pods-LWMusic (iOS)/Pods-LWMusic (iOS).debug.xcconfig"; sourceTree = "<group>"; };
		CD8D6A1EC73061E1A27D9113 /* Pods_LWMusic__macOS_.framework */ = {isa = PBXFileReference; explicitFileType = wrapper.framework; includeInIndex = 0; path = Pods_LWMusic__macOS_.framework; sourceTree = BUILT_PRODUCTS_DIR; };
		DEC7543B27D4C14775F5D81D /* Pods-LWMusic (macOS).debug.xcconfig */ = {isa = PBXFileReference; includeInIndex = 1; lastKnownFileType = text.xcconfig; name = "Pods-LWMusic (macOS).debug.xcconfig"; path = "Target Support Files/Pods-LWMusic (macOS)/Pods-LWMusic (macOS).debug.xcconfig"; sourceTree = "<group>"; };
		F5361E6FCFA7F81646B811B3 /* Pods-LWMusic (macOS).release.xcconfig */ = {isa = PBXFileReference; includeInIndex = 1; lastKnownFileType = text.xcconfig; name = "Pods-LWMusic (macOS).release.xcconfig"; path = "Target Support Files/Pods-LWMusic (macOS)/Pods-LWMusic (macOS).release.xcconfig"; sourceTree = "<group>"; };
/* End PBXFileReference section */

/* Begin PBXFrameworksBuildPhase section */
		AF21A55A266F498300607FCA /* Frameworks */ = {
			isa = PBXFrameworksBuildPhase;
			buildActionMask = 2147483647;
			files = (
				AF6A9ECD26B3EEB000B1AC3E /* SwiftyJSON in Frameworks */,
				AF6A9EC426B3DAB300B1AC3E /* Alamofire in Frameworks */,
				AF6A9EC726B3DB7200B1AC3E /* Reachability in Frameworks */,
				7D5C4FC010AE46EB90F11CFA /* Pods_LWMusic__iOS_.framework in Frameworks */,
				AF6A9ECA26B3DDE200B1AC3E /* KeychainAccess in Frameworks */,
			);
			runOnlyForDeploymentPostprocessing = 0;
		};
		AF21A562266F498300607FCA /* Frameworks */ = {
			isa = PBXFrameworksBuildPhase;
			buildActionMask = 2147483647;
			files = (
				E93F3BC5582836106D2DB3DB /* Pods_LWMusic__macOS_.framework in Frameworks */,
			);
			runOnlyForDeploymentPostprocessing = 0;
		};
		AF21A56A266F498300607FCA /* Frameworks */ = {
			isa = PBXFrameworksBuildPhase;
			buildActionMask = 2147483647;
			files = (
			);
			runOnlyForDeploymentPostprocessing = 0;
		};
		AF21A575266F498300607FCA /* Frameworks */ = {
			isa = PBXFrameworksBuildPhase;
			buildActionMask = 2147483647;
			files = (
			);
			runOnlyForDeploymentPostprocessing = 0;
		};
		AF21A594266F4C8F00607FCA /* Frameworks */ = {
			isa = PBXFrameworksBuildPhase;
			buildActionMask = 2147483647;
			files = (
				AF21A59B266F4C8F00607FCA /* SwiftUI.framework in Frameworks */,
				AF21A599266F4C8F00607FCA /* WidgetKit.framework in Frameworks */,
				A5A04ED8133F9FD58E326A64 /* Pods_LWMusicWidgetExtension.framework in Frameworks */,
			);
			runOnlyForDeploymentPostprocessing = 0;
		};
/* End PBXFrameworksBuildPhase section */

/* Begin PBXGroup section */
		6D5426AC636DB9F5716306CA /* Pods */ = {
			isa = PBXGroup;
			children = (
				BA5EA5DA6D317C1F70E13E4F /* Pods-LWMusic (iOS).debug.xcconfig */,
				9991ACAA656266C235E034E0 /* Pods-LWMusic (iOS).release.xcconfig */,
				DEC7543B27D4C14775F5D81D /* Pods-LWMusic (macOS).debug.xcconfig */,
				F5361E6FCFA7F81646B811B3 /* Pods-LWMusic (macOS).release.xcconfig */,
				0B2DDDF91967977CBD063251 /* Pods-LWMusicWidgetExtension.debug.xcconfig */,
				34071A9A195BCCB09DC91B7B /* Pods-LWMusicWidgetExtension.release.xcconfig */,
			);
			path = Pods;
			sourceTree = "<group>";
		};
		AF21A550266F498100607FCA = {
			isa = PBXGroup;
			children = (
				AF21A5AC266F685300607FCA /* LWMusicWidgetExtension.entitlements */,
				AF21A555266F498100607FCA /* Shared */,
				AF21A55F266F498300607FCA /* iOS */,
				AF21A566266F498300607FCA /* macOS */,
				AF21A570266F498300607FCA /* Tests iOS */,
				AF21A57B266F498300607FCA /* Tests macOS */,
				AF21A59C266F4C8F00607FCA /* LWMusicWidget */,
				AF21A55E266F498300607FCA /* Products */,
				6D5426AC636DB9F5716306CA /* Pods */,
				EBF17D02A3CA42AF337D6C3F /* Frameworks */,
			);
			sourceTree = "<group>";
		};
		AF21A555266F498100607FCA /* Shared */ = {
			isa = PBXGroup;
			children = (
				AF5E21BD26A2C24700B97E75 /* Resource */,
				AF9E6CB2268357FE008DA489 /* Utils */,
				AF9E6CAE268357C0008DA489 /* State */,
				AF9E6CB526835965008DA489 /* View */,
				AF6A9ED026B504AC00B1AC3E /* Model */,
				AF21A556266F498100607FCA /* LWMusicApp.swift */,
				AF21A558266F498300607FCA /* Assets.xcassets */,
			);
			path = Shared;
			sourceTree = "<group>";
		};
		AF21A55E266F498300607FCA /* Products */ = {
			isa = PBXGroup;
			children = (
				AF21A55D266F498300607FCA /* LWMusic.app */,
				AF21A565266F498300607FCA /* LWMusic.app */,
				AF21A56D266F498300607FCA /* Tests iOS.xctest */,
				AF21A578266F498300607FCA /* Tests macOS.xctest */,
				AF21A597266F4C8F00607FCA /* LWMusicWidgetExtension.appex */,
			);
			name = Products;
			sourceTree = "<group>";
		};
		AF21A55F266F498300607FCA /* iOS */ = {
			isa = PBXGroup;
			children = (
				AF21A560266F498300607FCA /* Info.plist */,
			);
			path = iOS;
			sourceTree = "<group>";
		};
		AF21A566266F498300607FCA /* macOS */ = {
			isa = PBXGroup;
			children = (
				AF21A567266F498300607FCA /* Info.plist */,
				AF21A568266F498300607FCA /* macOS.entitlements */,
			);
			path = macOS;
			sourceTree = "<group>";
		};
		AF21A570266F498300607FCA /* Tests iOS */ = {
			isa = PBXGroup;
			children = (
				AF21A571266F498300607FCA /* Tests_iOS.swift */,
				AF21A573266F498300607FCA /* Info.plist */,
			);
			path = "Tests iOS";
			sourceTree = "<group>";
		};
		AF21A57B266F498300607FCA /* Tests macOS */ = {
			isa = PBXGroup;
			children = (
				AF21A57C266F498300607FCA /* Tests_macOS.swift */,
				AF21A57E266F498300607FCA /* Info.plist */,
			);
			path = "Tests macOS";
			sourceTree = "<group>";
		};
		AF21A59C266F4C8F00607FCA /* LWMusicWidget */ = {
			isa = PBXGroup;
			children = (
				AF7F4BAC26BAE42300B2D74E /* MusicWidget.swift */,
				AFBA379026C1742800A2B853 /* PoetryRequest.swift */,
				AF7F4BAF26BAE4A000B2D74E /* MusicWidgetConfig.swift */,
				AF11429826B840D500228BCE /* MusicMiddleWidget.swift */,
				AF11429A26B840EC00228BCE /* MusicBigWidget.swift */,
				AF21A59D266F4C8F00607FCA /* LWMusicWidget.swift */,
				AF21A59F266F4C8F00607FCA /* LWMusicWidget.intentdefinition */,
				AF21A5A0266F4C9000607FCA /* Assets.xcassets */,
				AF21A5A2266F4C9000607FCA /* Info.plist */,
			);
			path = LWMusicWidget;
			sourceTree = "<group>";
		};
		AF2DE935269C939B0099D94F /* DataFlow */ = {
			isa = PBXGroup;
			children = (
				AF2DE93A269C939B0099D94F /* Store.swift */,
				AF2DE936269C939B0099D94F /* AppState.swift */,
				AF2DE937269C939B0099D94F /* AppCommand.swift */,
				AF2DE938269C939B0099D94F /* AppError.swift */,
				AF2DE939269C939B0099D94F /* AppAction.swift */,
			);
			path = DataFlow;
			sourceTree = "<group>";
		};
		AF2DE93B269C939C0099D94F /* FileIO */ = {
			isa = PBXGroup;
			children = (
				AF2DE93C269C939C0099D94F /* FileStorage.swift */,
			);
			path = FileIO;
			sourceTree = "<group>";
		};
		AF2DE93D269C939C0099D94F /* Networking */ = {
			isa = PBXGroup;
			children = (
				AF2DE93E269C939C0099D94F /* LoginRequest.swift */,
				AF2DE93F269C939C0099D94F /* RegisterRequest.swift */,
				AF2DE941269C939C0099D94F /* LoadMusicRequest.swift */,
				AF2DE942269C939C0099D94F /* EmailCheckingRequest.swift */,
			);
			path = Networking;
			sourceTree = "<group>";
		};
		AF2DE950269C99100099D94F /* Common */ = {
			isa = PBXGroup;
			children = (
				AF2DE951269C993F0099D94F /* BlurView.swift */,
				AF2DE952269C993F0099D94F /* OverlaySheet.swift */,
				AF2DE953269C993F0099D94F /* SafariView.swift */,
			);
			path = Common;
			sourceTree = "<group>";
		};
		AF5E21BD26A2C24700B97E75 /* Resource */ = {
			isa = PBXGroup;
			children = (
				AF5E21BE26A2C25700B97E75 /* Alfa Slab One.ttf */,
				AF7F4BA526B99D3B00B2D74E /* musiclist.json */,
			);
			path = Resource;
			sourceTree = "<group>";
		};
		AF6A9ED026B504AC00B1AC3E /* Model */ = {
			isa = PBXGroup;
			children = (
				AF6A9ECE26B5030100B1AC3E /* User.swift */,
				AF6A9ED126B5055100B1AC3E /* Music.swift */,
				AF6A9ED426B506F600B1AC3E /* MusicViewModel.swift */,
			);
			path = Model;
			sourceTree = "<group>";
		};
		AF9E6CAE268357C0008DA489 /* State */ = {
			isa = PBXGroup;
			children = (
				AF2DE935269C939B0099D94F /* DataFlow */,
				AF2DE93B269C939C0099D94F /* FileIO */,
				AF2DE93D269C939C0099D94F /* Networking */,
			);
			path = State;
			sourceTree = "<group>";
		};
		AF9E6CB2268357FE008DA489 /* Utils */ = {
			isa = PBXGroup;
			children = (
				AF2DE92F269C90820099D94F /* FileHelper.swift */,
				AF2DE930269C90820099D94F /* Helpers.swift */,
				AF7F4B9F26B9308500B2D74E /* DateHelper.swift */,
				AF7F4BA226B98B1B00B2D74E /* DecoderHelper.swift */,
				AF7F4BA826B99DF300B2D74E /* DefaultDataHelper.swift */,
				AF7F4BB226BAE5BC00B2D74E /* ColorHelper.swift */,
				AF7F4BB526BAEDBE00B2D74E /* UserDefaults.swift */,
				AF7F4BB826BAF0A000B2D74E /* IntentHandler.swift */,
				AF7F4BBB26BAF15100B2D74E /* ImagePicker.swift */,
			);
			path = Utils;
			sourceTree = "<group>";
		};
		AF9E6CB526835965008DA489 /* View */ = {
			isa = PBXGroup;
			children = (
				AF2DE950269C99100099D94F /* Common */,
				AF9E6CBA26835A0F008DA489 /* Music */,
				AF9E6CB9268359FE008DA489 /* User */,
				AF9E6CB8268359EF008DA489 /* Setting */,
				AF9E6CB626835993008DA489 /* Calculator */,
			);
			path = View;
			sourceTree = "<group>";
		};
		AF9E6CB626835993008DA489 /* Calculator */ = {
			isa = PBXGroup;
			children = (
				AF21A557266F498100607FCA /* CalculatorRootView.swift */,
				AF24FFE62679FD18007EA745 /* CalculatorBrain.swift */,
				AF24FFE9267A0493007EA745 /* CalculatorModel.swift */,
				AF21A5AD266F71DA00607FCA /* CalculatorButtonItem.swift */,
				AF9E6CB32683583E008DA489 /* CalculatorView.swift */,
			);
			path = Calculator;
			sourceTree = "<group>";
		};
		AF9E6CB8268359EF008DA489 /* Setting */ = {
			isa = PBXGroup;
			children = (
			);
			path = Setting;
			sourceTree = "<group>";
		};
		AF9E6CB9268359FE008DA489 /* User */ = {
			isa = PBXGroup;
			children = (
			);
			path = User;
			sourceTree = "<group>";
		};
		AF9E6CBA26835A0F008DA489 /* Music */ = {
			isa = PBXGroup;
			children = (
				AF2DE957269C9A920099D94F /* MusicList.swift */,
				AF2DE959269C9ABF0099D94F /* MusicDetail.swift */,
			);
			path = Music;
			sourceTree = "<group>";
		};
		EBF17D02A3CA42AF337D6C3F /* Frameworks */ = {
			isa = PBXGroup;
			children = (
				8DB6905EAE5266643B6F4661 /* Pods_LWMusic__iOS_.framework */,
				CD8D6A1EC73061E1A27D9113 /* Pods_LWMusic__macOS_.framework */,
				AF21A598266F4C8F00607FCA /* WidgetKit.framework */,
				AF21A59A266F4C8F00607FCA /* SwiftUI.framework */,
				A8EAED82836DB58FC3D8A6DD /* Pods_LWMusicWidgetExtension.framework */,
			);
			name = Frameworks;
			sourceTree = "<group>";
		};
/* End PBXGroup section */

/* Begin PBXNativeTarget section */
		AF21A55C266F498300607FCA /* LWMusic (iOS) */ = {
			isa = PBXNativeTarget;
			buildConfigurationList = AF21A587266F498300607FCA /* Build configuration list for PBXNativeTarget "LWMusic (iOS)" */;
			buildPhases = (
				9677FF3AE1189B79A78065EE /* [CP] Check Pods Manifest.lock */,
				AF21A559266F498300607FCA /* Sources */,
				AF21A55A266F498300607FCA /* Frameworks */,
				AF21A55B266F498300607FCA /* Resources */,
				AF21A5AB266F4C9000607FCA /* Embed App Extensions */,
				ED1A1AA886E7472E58AA95BF /* [CP] Embed Pods Frameworks */,
			);
			buildRules = (
			);
			dependencies = (
				AF21A5A6266F4C9000607FCA /* PBXTargetDependency */,
			);
			name = "LWMusic (iOS)";
			packageProductDependencies = (
				AF6A9EC326B3DAB300B1AC3E /* Alamofire */,
				AF6A9EC626B3DB7200B1AC3E /* Reachability */,
				AF6A9EC926B3DDE200B1AC3E /* KeychainAccess */,
				AF6A9ECC26B3EEB000B1AC3E /* SwiftyJSON */,
			);
			productName = "LWMusic (iOS)";
			productReference = AF21A55D266F498300607FCA /* LWMusic.app */;
			productType = "com.apple.product-type.application";
		};
		AF21A564266F498300607FCA /* LWMusic (macOS) */ = {
			isa = PBXNativeTarget;
			buildConfigurationList = AF21A58A266F498300607FCA /* Build configuration list for PBXNativeTarget "LWMusic (macOS)" */;
			buildPhases = (
				B33C3B7C5911DE365E68BC64 /* [CP] Check Pods Manifest.lock */,
				AF21A561266F498300607FCA /* Sources */,
				AF21A562266F498300607FCA /* Frameworks */,
				AF21A563266F498300607FCA /* Resources */,
			);
			buildRules = (
			);
			dependencies = (
			);
			name = "LWMusic (macOS)";
			productName = "LWMusic (macOS)";
			productReference = AF21A565266F498300607FCA /* LWMusic.app */;
			productType = "com.apple.product-type.application";
		};
		AF21A56C266F498300607FCA /* Tests iOS */ = {
			isa = PBXNativeTarget;
			buildConfigurationList = AF21A58D266F498300607FCA /* Build configuration list for PBXNativeTarget "Tests iOS" */;
			buildPhases = (
				AF21A569266F498300607FCA /* Sources */,
				AF21A56A266F498300607FCA /* Frameworks */,
				AF21A56B266F498300607FCA /* Resources */,
			);
			buildRules = (
			);
			dependencies = (
				AF21A56F266F498300607FCA /* PBXTargetDependency */,
			);
			name = "Tests iOS";
			productName = "Tests iOS";
			productReference = AF21A56D266F498300607FCA /* Tests iOS.xctest */;
			productType = "com.apple.product-type.bundle.ui-testing";
		};
		AF21A577266F498300607FCA /* Tests macOS */ = {
			isa = PBXNativeTarget;
			buildConfigurationList = AF21A590266F498300607FCA /* Build configuration list for PBXNativeTarget "Tests macOS" */;
			buildPhases = (
				AF21A574266F498300607FCA /* Sources */,
				AF21A575266F498300607FCA /* Frameworks */,
				AF21A576266F498300607FCA /* Resources */,
			);
			buildRules = (
			);
			dependencies = (
				AF21A57A266F498300607FCA /* PBXTargetDependency */,
			);
			name = "Tests macOS";
			productName = "Tests macOS";
			productReference = AF21A578266F498300607FCA /* Tests macOS.xctest */;
			productType = "com.apple.product-type.bundle.ui-testing";
		};
		AF21A596266F4C8F00607FCA /* LWMusicWidgetExtension */ = {
			isa = PBXNativeTarget;
			buildConfigurationList = AF21A5A8266F4C9000607FCA /* Build configuration list for PBXNativeTarget "LWMusicWidgetExtension" */;
			buildPhases = (
				9EF080D5C1F7594F9F4D46DC /* [CP] Check Pods Manifest.lock */,
				AF21A593266F4C8F00607FCA /* Sources */,
				AF21A594266F4C8F00607FCA /* Frameworks */,
				AF21A595266F4C8F00607FCA /* Resources */,
			);
			buildRules = (
			);
			dependencies = (
			);
			name = LWMusicWidgetExtension;
			packageProductDependencies = (
			);
			productName = LWMusicWidgetExtension;
			productReference = AF21A597266F4C8F00607FCA /* LWMusicWidgetExtension.appex */;
			productType = "com.apple.product-type.app-extension";
		};
/* End PBXNativeTarget section */

/* Begin PBXProject section */
		AF21A551266F498100607FCA /* Project object */ = {
			isa = PBXProject;
			attributes = {
				LastSwiftUpdateCheck = 1250;
				LastUpgradeCheck = 1250;
				TargetAttributes = {
					AF21A55C266F498300607FCA = {
						CreatedOnToolsVersion = 12.5;
					};
					AF21A564266F498300607FCA = {
						CreatedOnToolsVersion = 12.5;
					};
					AF21A56C266F498300607FCA = {
						CreatedOnToolsVersion = 12.5;
						TestTargetID = AF21A55C266F498300607FCA;
					};
					AF21A577266F498300607FCA = {
						CreatedOnToolsVersion = 12.5;
						TestTargetID = AF21A564266F498300607FCA;
					};
					AF21A596266F4C8F00607FCA = {
						CreatedOnToolsVersion = 12.5;
					};
				};
			};
			buildConfigurationList = AF21A554266F498100607FCA /* Build configuration list for PBXProject "LWMusic" */;
			compatibilityVersion = "Xcode 9.3";
			developmentRegion = en;
			hasScannedForEncodings = 0;
			knownRegions = (
				en,
				Base,
			);
			mainGroup = AF21A550266F498100607FCA;
			packageReferences = (
				AF6A9EC226B3DAB300B1AC3E /* XCRemoteSwiftPackageReference "Alamofire" */,
				AF6A9EC526B3DB7200B1AC3E /* XCRemoteSwiftPackageReference "Reachability" */,
				AF6A9EC826B3DDE200B1AC3E /* XCRemoteSwiftPackageReference "KeychainAccess" */,
				AF6A9ECB26B3EEB000B1AC3E /* XCRemoteSwiftPackageReference "SwiftyJSON" */,
			);
			productRefGroup = AF21A55E266F498300607FCA /* Products */;
			projectDirPath = "";
			projectRoot = "";
			targets = (
				AF21A55C266F498300607FCA /* LWMusic (iOS) */,
				AF21A564266F498300607FCA /* LWMusic (macOS) */,
				AF21A56C266F498300607FCA /* Tests iOS */,
				AF21A577266F498300607FCA /* Tests macOS */,
				AF21A596266F4C8F00607FCA /* LWMusicWidgetExtension */,
			);
		};
/* End PBXProject section */

/* Begin PBXResourcesBuildPhase section */
		AF21A55B266F498300607FCA /* Resources */ = {
			isa = PBXResourcesBuildPhase;
			buildActionMask = 2147483647;
			files = (
				AF21A583266F498300607FCA /* Assets.xcassets in Resources */,
				AF5E21BF26A2C25700B97E75 /* Alfa Slab One.ttf in Resources */,
				AF7F4BA626B99D3B00B2D74E /* musiclist.json in Resources */,
			);
			runOnlyForDeploymentPostprocessing = 0;
		};
		AF21A563266F498300607FCA /* Resources */ = {
			isa = PBXResourcesBuildPhase;
			buildActionMask = 2147483647;
			files = (
				AF21A584266F498300607FCA /* Assets.xcassets in Resources */,
			);
			runOnlyForDeploymentPostprocessing = 0;
		};
		AF21A56B266F498300607FCA /* Resources */ = {
			isa = PBXResourcesBuildPhase;
			buildActionMask = 2147483647;
			files = (
			);
			runOnlyForDeploymentPostprocessing = 0;
		};
		AF21A576266F498300607FCA /* Resources */ = {
			isa = PBXResourcesBuildPhase;
			buildActionMask = 2147483647;
			files = (
			);
			runOnlyForDeploymentPostprocessing = 0;
		};
		AF21A595266F4C8F00607FCA /* Resources */ = {
			isa = PBXResourcesBuildPhase;
			buildActionMask = 2147483647;
			files = (
				AF21A5A1266F4C9000607FCA /* Assets.xcassets in Resources */,
				AFBA378F26BFFF7300A2B853 /* Assets.xcassets in Resources */,
				AF7F4BA726B99D3B00B2D74E /* musiclist.json in Resources */,
			);
			runOnlyForDeploymentPostprocessing = 0;
		};
/* End PBXResourcesBuildPhase section */

/* Begin PBXShellScriptBuildPhase section */
		9677FF3AE1189B79A78065EE /* [CP] Check Pods Manifest.lock */ = {
			isa = PBXShellScriptBuildPhase;
			buildActionMask = 2147483647;
			files = (
			);
			inputFileListPaths = (
			);
			inputPaths = (
				"${PODS_PODFILE_DIR_PATH}/Podfile.lock",
				"${PODS_ROOT}/Manifest.lock",
			);
			name = "[CP] Check Pods Manifest.lock";
			outputFileListPaths = (
			);
			outputPaths = (
				"$(DERIVED_FILE_DIR)/Pods-LWMusic (iOS)-checkManifestLockResult.txt",
			);
			runOnlyForDeploymentPostprocessing = 0;
			shellPath = /bin/sh;
			shellScript = "diff \"${PODS_PODFILE_DIR_PATH}/Podfile.lock\" \"${PODS_ROOT}/Manifest.lock\" > /dev/null\nif [ $? != 0 ] ; then\n    # print error to STDERR\n    echo \"error: The sandbox is not in sync with the Podfile.lock. Run 'pod install' or update your CocoaPods installation.\" >&2\n    exit 1\nfi\n# This output is used by Xcode 'outputs' to avoid re-running this script phase.\necho \"SUCCESS\" > \"${SCRIPT_OUTPUT_FILE_0}\"\n";
			showEnvVarsInLog = 0;
		};
		9EF080D5C1F7594F9F4D46DC /* [CP] Check Pods Manifest.lock */ = {
			isa = PBXShellScriptBuildPhase;
			buildActionMask = 2147483647;
			files = (
			);
			inputFileListPaths = (
			);
			inputPaths = (
				"${PODS_PODFILE_DIR_PATH}/Podfile.lock",
				"${PODS_ROOT}/Manifest.lock",
			);
			name = "[CP] Check Pods Manifest.lock";
			outputFileListPaths = (
			);
			outputPaths = (
				"$(DERIVED_FILE_DIR)/Pods-LWMusicWidgetExtension-checkManifestLockResult.txt",
			);
			runOnlyForDeploymentPostprocessing = 0;
			shellPath = /bin/sh;
			shellScript = "diff \"${PODS_PODFILE_DIR_PATH}/Podfile.lock\" \"${PODS_ROOT}/Manifest.lock\" > /dev/null\nif [ $? != 0 ] ; then\n    # print error to STDERR\n    echo \"error: The sandbox is not in sync with the Podfile.lock. Run 'pod install' or update your CocoaPods installation.\" >&2\n    exit 1\nfi\n# This output is used by Xcode 'outputs' to avoid re-running this script phase.\necho \"SUCCESS\" > \"${SCRIPT_OUTPUT_FILE_0}\"\n";
			showEnvVarsInLog = 0;
		};
		B33C3B7C5911DE365E68BC64 /* [CP] Check Pods Manifest.lock */ = {
			isa = PBXShellScriptBuildPhase;
			buildActionMask = 2147483647;
			files = (
			);
			inputFileListPaths = (
			);
			inputPaths = (
				"${PODS_PODFILE_DIR_PATH}/Podfile.lock",
				"${PODS_ROOT}/Manifest.lock",
			);
			name = "[CP] Check Pods Manifest.lock";
			outputFileListPaths = (
			);
			outputPaths = (
				"$(DERIVED_FILE_DIR)/Pods-LWMusic (macOS)-checkManifestLockResult.txt",
			);
			runOnlyForDeploymentPostprocessing = 0;
			shellPath = /bin/sh;
			shellScript = "diff \"${PODS_PODFILE_DIR_PATH}/Podfile.lock\" \"${PODS_ROOT}/Manifest.lock\" > /dev/null\nif [ $? != 0 ] ; then\n    # print error to STDERR\n    echo \"error: The sandbox is not in sync with the Podfile.lock. Run 'pod install' or update your CocoaPods installation.\" >&2\n    exit 1\nfi\n# This output is used by Xcode 'outputs' to avoid re-running this script phase.\necho \"SUCCESS\" > \"${SCRIPT_OUTPUT_FILE_0}\"\n";
			showEnvVarsInLog = 0;
		};
		ED1A1AA886E7472E58AA95BF /* [CP] Embed Pods Frameworks */ = {
			isa = PBXShellScriptBuildPhase;
			buildActionMask = 2147483647;
			files = (
			);
			inputFileListPaths = (
				"${PODS_ROOT}/Target Support Files/Pods-LWMusic (iOS)/Pods-LWMusic (iOS)-frameworks-${CONFIGURATION}-input-files.xcfilelist",
			);
			name = "[CP] Embed Pods Frameworks";
			outputFileListPaths = (
				"${PODS_ROOT}/Target Support Files/Pods-LWMusic (iOS)/Pods-LWMusic (iOS)-frameworks-${CONFIGURATION}-output-files.xcfilelist",
			);
			runOnlyForDeploymentPostprocessing = 0;
			shellPath = /bin/sh;
			shellScript = "\"${PODS_ROOT}/Target Support Files/Pods-LWMusic (iOS)/Pods-LWMusic (iOS)-frameworks.sh\"\n";
			showEnvVarsInLog = 0;
		};
/* End PBXShellScriptBuildPhase section */

/* Begin PBXSourcesBuildPhase section */
		AF21A559266F498300607FCA /* Sources */ = {
			isa = PBXSourcesBuildPhase;
			buildActionMask = 2147483647;
			files = (
				AF2DE947269C939C0099D94F /* Store.swift in Sources */,
				AF2DE949269C939C0099D94F /* LoginRequest.swift in Sources */,
				AF2DE954269C993F0099D94F /* BlurView.swift in Sources */,
				AF2DE94A269C939C0099D94F /* RegisterRequest.swift in Sources */,
				AF2DE948269C939C0099D94F /* FileStorage.swift in Sources */,
				AF21A5A4266F4C9000607FCA /* LWMusicWidget.intentdefinition in Sources */,
				AF9E6CB42683583E008DA489 /* CalculatorView.swift in Sources */,
				AF7F4BBC26BAF15100B2D74E /* ImagePicker.swift in Sources */,
				AF7F4BB026BAE4A000B2D74E /* MusicWidgetConfig.swift in Sources */,
				AF21A581266F498300607FCA /* CalculatorRootView.swift in Sources */,
				AF2DE955269C993F0099D94F /* OverlaySheet.swift in Sources */,
				AF2DE932269C90820099D94F /* FileHelper.swift in Sources */,
				AF2DE945269C939C0099D94F /* AppError.swift in Sources */,
				AF2DE958269C9A920099D94F /* MusicList.swift in Sources */,
				AF11429B26B840EC00228BCE /* MusicBigWidget.swift in Sources */,
				AF7F4BA326B98B1B00B2D74E /* DecoderHelper.swift in Sources */,
				AF2DE94C269C939C0099D94F /* LoadMusicRequest.swift in Sources */,
				AF2DE933269C90820099D94F /* Helpers.swift in Sources */,
				AF7F4BA026B9308500B2D74E /* DateHelper.swift in Sources */,
				AF7F4BA926B99DF300B2D74E /* DefaultDataHelper.swift in Sources */,
				AF6A9ED226B5055100B1AC3E /* Music.swift in Sources */,
				AF2DE95A269C9ABF0099D94F /* MusicDetail.swift in Sources */,
				AF2DE946269C939C0099D94F /* AppAction.swift in Sources */,
				AF2DE943269C939C0099D94F /* AppState.swift in Sources */,
				AF6A9ED526B506F600B1AC3E /* MusicViewModel.swift in Sources */,
				AF2DE944269C939C0099D94F /* AppCommand.swift in Sources */,
				AF6A9ECF26B5030100B1AC3E /* User.swift in Sources */,
				AF7F4BB326BAE5BC00B2D74E /* ColorHelper.swift in Sources */,
				AF7F4BB926BAF0A000B2D74E /* IntentHandler.swift in Sources */,
				AF2DE956269C993F0099D94F /* SafariView.swift in Sources */,
				AF21A5AE266F71DA00607FCA /* CalculatorButtonItem.swift in Sources */,
				AF2DE94D269C939C0099D94F /* EmailCheckingRequest.swift in Sources */,
				AF24FFEA267A0493007EA745 /* CalculatorModel.swift in Sources */,
				AF7F4BAD26BAE42300B2D74E /* MusicWidget.swift in Sources */,
				AF7F4BB626BAEDBE00B2D74E /* UserDefaults.swift in Sources */,
				AF24FFE72679FD18007EA745 /* CalculatorBrain.swift in Sources */,
				AF11429926B840D500228BCE /* MusicMiddleWidget.swift in Sources */,
				AF21A57F266F498300607FCA /* LWMusicApp.swift in Sources */,
			);
			runOnlyForDeploymentPostprocessing = 0;
		};
		AF21A561266F498300607FCA /* Sources */ = {
			isa = PBXSourcesBuildPhase;
			buildActionMask = 2147483647;
			files = (
				AF21A580266F498300607FCA /* LWMusicApp.swift in Sources */,
			);
			runOnlyForDeploymentPostprocessing = 0;
		};
		AF21A569266F498300607FCA /* Sources */ = {
			isa = PBXSourcesBuildPhase;
			buildActionMask = 2147483647;
			files = (
				AF21A572266F498300607FCA /* Tests_iOS.swift in Sources */,
			);
			runOnlyForDeploymentPostprocessing = 0;
		};
		AF21A574266F498300607FCA /* Sources */ = {
			isa = PBXSourcesBuildPhase;
			buildActionMask = 2147483647;
			files = (
				AF21A57D266F498300607FCA /* Tests_macOS.swift in Sources */,
			);
			runOnlyForDeploymentPostprocessing = 0;
		};
		AF21A593266F4C8F00607FCA /* Sources */ = {
			isa = PBXSourcesBuildPhase;
			buildActionMask = 2147483647;
			files = (
				AF7F4B9126B9231100B2D74E /* MusicViewModel.swift in Sources */,
				AF7F4B9426B9232900B2D74E /* LoadMusicRequest.swift in Sources */,
				AF7F4B9526B9232B00B2D74E /* EmailCheckingRequest.swift in Sources */,
				AF7F4B9226B9232500B2D74E /* LoginRequest.swift in Sources */,
				AF7F4BB726BAEDBE00B2D74E /* UserDefaults.swift in Sources */,
				AF21A59E266F4C8F00607FCA /* LWMusicWidget.swift in Sources */,
				AF7F4BB126BAE4A000B2D74E /* MusicWidgetConfig.swift in Sources */,
				AF7F4BA126B9308500B2D74E /* DateHelper.swift in Sources */,
				AF7F4BAE26BAE42300B2D74E /* MusicWidget.swift in Sources */,
				AF21A5A3266F4C9000607FCA /* LWMusicWidget.intentdefinition in Sources */,
				AF7F4BAA26B99DF300B2D74E /* DefaultDataHelper.swift in Sources */,
				AF7F4B9D26B926F400B2D74E /* MusicBigWidget.swift in Sources */,
				AF7F4BB426BAE5BC00B2D74E /* ColorHelper.swift in Sources */,
				AF7F4B9326B9232700B2D74E /* RegisterRequest.swift in Sources */,
				AF7F4B8C26B922EF00B2D74E /* AppCommand.swift in Sources */,
				AF7F4B8E26B922F400B2D74E /* Store.swift in Sources */,
				AF7F4B8D26B922F100B2D74E /* AppState.swift in Sources */,
				AF7F4BBD26BAF15100B2D74E /* ImagePicker.swift in Sources */,
				AF7F4B8B26B922ED00B2D74E /* AppError.swift in Sources */,
				AF7F4B9626B9232E00B2D74E /* FileStorage.swift in Sources */,
				AF7F4BBA26BAF0A000B2D74E /* IntentHandler.swift in Sources */,
				AF7F4B8A26B922EB00B2D74E /* AppAction.swift in Sources */,
				AF7F4B9026B9230E00B2D74E /* Music.swift in Sources */,
				AF7F4BA426B98B1B00B2D74E /* DecoderHelper.swift in Sources */,
				AF7F4B8826B922D800B2D74E /* FileHelper.swift in Sources */,
				AFBA379126C1742800A2B853 /* PoetryRequest.swift in Sources */,
				AF7F4B9E26B926F600B2D74E /* MusicMiddleWidget.swift in Sources */,
				AF7F4B8F26B9230B00B2D74E /* User.swift in Sources */,
				AF7F4B8926B922DC00B2D74E /* Helpers.swift in Sources */,
			);
			runOnlyForDeploymentPostprocessing = 0;
		};
/* End PBXSourcesBuildPhase section */

/* Begin PBXTargetDependency section */
		AF21A56F266F498300607FCA /* PBXTargetDependency */ = {
			isa = PBXTargetDependency;
			target = AF21A55C266F498300607FCA /* LWMusic (iOS) */;
			targetProxy = AF21A56E266F498300607FCA /* PBXContainerItemProxy */;
		};
		AF21A57A266F498300607FCA /* PBXTargetDependency */ = {
			isa = PBXTargetDependency;
			target = AF21A564266F498300607FCA /* LWMusic (macOS) */;
			targetProxy = AF21A579266F498300607FCA /* PBXContainerItemProxy */;
		};
		AF21A5A6266F4C9000607FCA /* PBXTargetDependency */ = {
			isa = PBXTargetDependency;
			target = AF21A596266F4C8F00607FCA /* LWMusicWidgetExtension */;
			targetProxy = AF21A5A5266F4C9000607FCA /* PBXContainerItemProxy */;
		};
/* End PBXTargetDependency section */

/* Begin XCBuildConfiguration section */
		AF21A585266F498300607FCA /* Debug */ = {
			isa = XCBuildConfiguration;
			buildSettings = {
				ALWAYS_SEARCH_USER_PATHS = NO;
				CLANG_ANALYZER_NONNULL = YES;
				CLANG_ANALYZER_NUMBER_OBJECT_CONVERSION = YES_AGGRESSIVE;
				CLANG_CXX_LANGUAGE_STANDARD = "gnu++14";
				CLANG_CXX_LIBRARY = "libc++";
				CLANG_ENABLE_MODULES = YES;
				CLANG_ENABLE_OBJC_ARC = YES;
				CLANG_ENABLE_OBJC_WEAK = YES;
				CLANG_WARN_BLOCK_CAPTURE_AUTORELEASING = YES;
				CLANG_WARN_BOOL_CONVERSION = YES;
				CLANG_WARN_COMMA = YES;
				CLANG_WARN_CONSTANT_CONVERSION = YES;
				CLANG_WARN_DEPRECATED_OBJC_IMPLEMENTATIONS = YES;
				CLANG_WARN_DIRECT_OBJC_ISA_USAGE = YES_ERROR;
				CLANG_WARN_DOCUMENTATION_COMMENTS = YES;
				CLANG_WARN_EMPTY_BODY = YES;
				CLANG_WARN_ENUM_CONVERSION = YES;
				CLANG_WARN_INFINITE_RECURSION = YES;
				CLANG_WARN_INT_CONVERSION = YES;
				CLANG_WARN_NON_LITERAL_NULL_CONVERSION = YES;
				CLANG_WARN_OBJC_IMPLICIT_RETAIN_SELF = YES;
				CLANG_WARN_OBJC_LITERAL_CONVERSION = YES;
				CLANG_WARN_OBJC_ROOT_CLASS = YES_ERROR;
				CLANG_WARN_QUOTED_INCLUDE_IN_FRAMEWORK_HEADER = YES;
				CLANG_WARN_RANGE_LOOP_ANALYSIS = YES;
				CLANG_WARN_STRICT_PROTOTYPES = YES;
				CLANG_WARN_SUSPICIOUS_MOVE = YES;
				CLANG_WARN_UNGUARDED_AVAILABILITY = YES_AGGRESSIVE;
				CLANG_WARN_UNREACHABLE_CODE = YES;
				CLANG_WARN__DUPLICATE_METHOD_MATCH = YES;
				COPY_PHASE_STRIP = NO;
				DEBUG_INFORMATION_FORMAT = dwarf;
				ENABLE_STRICT_OBJC_MSGSEND = YES;
				ENABLE_TESTABILITY = YES;
				GCC_C_LANGUAGE_STANDARD = gnu11;
				GCC_DYNAMIC_NO_PIC = NO;
				GCC_NO_COMMON_BLOCKS = YES;
				GCC_OPTIMIZATION_LEVEL = 0;
				GCC_PREPROCESSOR_DEFINITIONS = (
					"DEBUG=1",
					"$(inherited)",
				);
				GCC_WARN_64_TO_32_BIT_CONVERSION = YES;
				GCC_WARN_ABOUT_RETURN_TYPE = YES_ERROR;
				GCC_WARN_UNDECLARED_SELECTOR = YES;
				GCC_WARN_UNINITIALIZED_AUTOS = YES_AGGRESSIVE;
				GCC_WARN_UNUSED_FUNCTION = YES;
				GCC_WARN_UNUSED_VARIABLE = YES;
				IPHONEOS_DEPLOYMENT_TARGET = 13.0;
				MACOSX_DEPLOYMENT_TARGET = 11.3;
				MTL_ENABLE_DEBUG_INFO = INCLUDE_SOURCE;
				MTL_FAST_MATH = YES;
				ONLY_ACTIVE_ARCH = YES;
				SWIFT_ACTIVE_COMPILATION_CONDITIONS = DEBUG;
				SWIFT_OPTIMIZATION_LEVEL = "-Onone";
			};
			name = Debug;
		};
		AF21A586266F498300607FCA /* Release */ = {
			isa = XCBuildConfiguration;
			buildSettings = {
				ALWAYS_SEARCH_USER_PATHS = NO;
				CLANG_ANALYZER_NONNULL = YES;
				CLANG_ANALYZER_NUMBER_OBJECT_CONVERSION = YES_AGGRESSIVE;
				CLANG_CXX_LANGUAGE_STANDARD = "gnu++14";
				CLANG_CXX_LIBRARY = "libc++";
				CLANG_ENABLE_MODULES = YES;
				CLANG_ENABLE_OBJC_ARC = YES;
				CLANG_ENABLE_OBJC_WEAK = YES;
				CLANG_WARN_BLOCK_CAPTURE_AUTORELEASING = YES;
				CLANG_WARN_BOOL_CONVERSION = YES;
				CLANG_WARN_COMMA = YES;
				CLANG_WARN_CONSTANT_CONVERSION = YES;
				CLANG_WARN_DEPRECATED_OBJC_IMPLEMENTATIONS = YES;
				CLANG_WARN_DIRECT_OBJC_ISA_USAGE = YES_ERROR;
				CLANG_WARN_DOCUMENTATION_COMMENTS = YES;
				CLANG_WARN_EMPTY_BODY = YES;
				CLANG_WARN_ENUM_CONVERSION = YES;
				CLANG_WARN_INFINITE_RECURSION = YES;
				CLANG_WARN_INT_CONVERSION = YES;
				CLANG_WARN_NON_LITERAL_NULL_CONVERSION = YES;
				CLANG_WARN_OBJC_IMPLICIT_RETAIN_SELF = YES;
				CLANG_WARN_OBJC_LITERAL_CONVERSION = YES;
				CLANG_WARN_OBJC_ROOT_CLASS = YES_ERROR;
				CLANG_WARN_QUOTED_INCLUDE_IN_FRAMEWORK_HEADER = YES;
				CLANG_WARN_RANGE_LOOP_ANALYSIS = YES;
				CLANG_WARN_STRICT_PROTOTYPES = YES;
				CLANG_WARN_SUSPICIOUS_MOVE = YES;
				CLANG_WARN_UNGUARDED_AVAILABILITY = YES_AGGRESSIVE;
				CLANG_WARN_UNREACHABLE_CODE = YES;
				CLANG_WARN__DUPLICATE_METHOD_MATCH = YES;
				COPY_PHASE_STRIP = NO;
				DEBUG_INFORMATION_FORMAT = "dwarf-with-dsym";
				ENABLE_NS_ASSERTIONS = NO;
				ENABLE_STRICT_OBJC_MSGSEND = YES;
				GCC_C_LANGUAGE_STANDARD = gnu11;
				GCC_NO_COMMON_BLOCKS = YES;
				GCC_WARN_64_TO_32_BIT_CONVERSION = YES;
				GCC_WARN_ABOUT_RETURN_TYPE = YES_ERROR;
				GCC_WARN_UNDECLARED_SELECTOR = YES;
				GCC_WARN_UNINITIALIZED_AUTOS = YES_AGGRESSIVE;
				GCC_WARN_UNUSED_FUNCTION = YES;
				GCC_WARN_UNUSED_VARIABLE = YES;
				IPHONEOS_DEPLOYMENT_TARGET = 13.0;
				MACOSX_DEPLOYMENT_TARGET = 11.3;
				MTL_ENABLE_DEBUG_INFO = NO;
				MTL_FAST_MATH = YES;
				SWIFT_COMPILATION_MODE = wholemodule;
				SWIFT_OPTIMIZATION_LEVEL = "-O";
			};
			name = Release;
		};
		AF21A588266F498300607FCA /* Debug */ = {
			isa = XCBuildConfiguration;
			baseConfigurationReference = BA5EA5DA6D317C1F70E13E4F /* Pods-LWMusic (iOS).debug.xcconfig */;
			buildSettings = {
				ALWAYS_EMBED_SWIFT_STANDARD_LIBRARIES = YES;
				ASSETCATALOG_COMPILER_APPICON_NAME = AppIcon;
				ASSETCATALOG_COMPILER_GLOBAL_ACCENT_COLOR_NAME = AccentColor;
				CODE_SIGN_IDENTITY = "Apple Development";
				CODE_SIGN_STYLE = Automatic;
				DEVELOPMENT_TEAM = MKU6U4NGA4;
				ENABLE_PREVIEWS = YES;
				INFOPLIST_FILE = iOS/Info.plist;
				IPHONEOS_DEPLOYMENT_TARGET = 14.0;
				LD_RUNPATH_SEARCH_PATHS = (
					"$(inherited)",
					"@executable_path/Frameworks",
				);
				PRODUCT_BUNDLE_IDENTIFIER = com.kidea.lwmusic.LWMusic;
				PRODUCT_NAME = LWMusic;
				PROVISIONING_PROFILE_SPECIFIER = "";
				SDKROOT = iphoneos;
				SWIFT_VERSION = 5.0;
				TARGETED_DEVICE_FAMILY = "1,2";
			};
			name = Debug;
		};
		AF21A589266F498300607FCA /* Release */ = {
			isa = XCBuildConfiguration;
			baseConfigurationReference = 9991ACAA656266C235E034E0 /* Pods-LWMusic (iOS).release.xcconfig */;
			buildSettings = {
				ALWAYS_EMBED_SWIFT_STANDARD_LIBRARIES = YES;
				ASSETCATALOG_COMPILER_APPICON_NAME = AppIcon;
				ASSETCATALOG_COMPILER_GLOBAL_ACCENT_COLOR_NAME = AccentColor;
				CODE_SIGN_IDENTITY = "Apple Development";
				CODE_SIGN_STYLE = Automatic;
				DEVELOPMENT_TEAM = MKU6U4NGA4;
				ENABLE_PREVIEWS = YES;
				INFOPLIST_FILE = iOS/Info.plist;
				IPHONEOS_DEPLOYMENT_TARGET = 14.0;
				LD_RUNPATH_SEARCH_PATHS = (
					"$(inherited)",
					"@executable_path/Frameworks",
				);
				PRODUCT_BUNDLE_IDENTIFIER = com.kidea.lwmusic.LWMusic;
				PRODUCT_NAME = LWMusic;
				PROVISIONING_PROFILE_SPECIFIER = "";
				SDKROOT = iphoneos;
				SWIFT_VERSION = 5.0;
				TARGETED_DEVICE_FAMILY = "1,2";
				VALIDATE_PRODUCT = YES;
			};
			name = Release;
		};
		AF21A58B266F498300607FCA /* Debug */ = {
			isa = XCBuildConfiguration;
			baseConfigurationReference = DEC7543B27D4C14775F5D81D /* Pods-LWMusic (macOS).debug.xcconfig */;
			buildSettings = {
				ASSETCATALOG_COMPILER_APPICON_NAME = AppIcon;
				ASSETCATALOG_COMPILER_GLOBAL_ACCENT_COLOR_NAME = AccentColor;
				CODE_SIGN_ENTITLEMENTS = macOS/macOS.entitlements;
				CODE_SIGN_IDENTITY = "-";
				CODE_SIGN_STYLE = Automatic;
				COMBINE_HIDPI_IMAGES = YES;
				DEVELOPMENT_TEAM = MKU6U4NGA4;
				ENABLE_HARDENED_RUNTIME = YES;
				ENABLE_PREVIEWS = YES;
				INFOPLIST_FILE = macOS/Info.plist;
				LD_RUNPATH_SEARCH_PATHS = (
					"$(inherited)",
					"@executable_path/../Frameworks",
				);
				MACOSX_DEPLOYMENT_TARGET = 11.0;
				PRODUCT_BUNDLE_IDENTIFIER = com.kidea.lwmusic.LWMusic;
				PRODUCT_NAME = LWMusic;
				SDKROOT = macosx;
				SWIFT_VERSION = 5.0;
			};
			name = Debug;
		};
		AF21A58C266F498300607FCA /* Release */ = {
			isa = XCBuildConfiguration;
			baseConfigurationReference = F5361E6FCFA7F81646B811B3 /* Pods-LWMusic (macOS).release.xcconfig */;
			buildSettings = {
				ASSETCATALOG_COMPILER_APPICON_NAME = AppIcon;
				ASSETCATALOG_COMPILER_GLOBAL_ACCENT_COLOR_NAME = AccentColor;
				CODE_SIGN_ENTITLEMENTS = macOS/macOS.entitlements;
				CODE_SIGN_IDENTITY = "-";
				CODE_SIGN_STYLE = Automatic;
				COMBINE_HIDPI_IMAGES = YES;
				DEVELOPMENT_TEAM = MKU6U4NGA4;
				ENABLE_HARDENED_RUNTIME = YES;
				ENABLE_PREVIEWS = YES;
				INFOPLIST_FILE = macOS/Info.plist;
				LD_RUNPATH_SEARCH_PATHS = (
					"$(inherited)",
					"@executable_path/../Frameworks",
				);
				MACOSX_DEPLOYMENT_TARGET = 11.0;
				PRODUCT_BUNDLE_IDENTIFIER = com.kidea.lwmusic.LWMusic;
				PRODUCT_NAME = LWMusic;
				SDKROOT = macosx;
				SWIFT_VERSION = 5.0;
			};
			name = Release;
		};
		AF21A58E266F498300607FCA /* Debug */ = {
			isa = XCBuildConfiguration;
			buildSettings = {
				ALWAYS_EMBED_SWIFT_STANDARD_LIBRARIES = YES;
				CODE_SIGN_STYLE = Automatic;
				DEVELOPMENT_TEAM = MKU6U4NGA4;
				INFOPLIST_FILE = "Tests iOS/Info.plist";
				IPHONEOS_DEPLOYMENT_TARGET = 14.5;
				LD_RUNPATH_SEARCH_PATHS = (
					"$(inherited)",
					"@executable_path/Frameworks",
					"@loader_path/Frameworks",
				);
				PRODUCT_BUNDLE_IDENTIFIER = "com.kidea.lwmusic.Tests-iOS";
				PRODUCT_NAME = "$(TARGET_NAME)";
				SDKROOT = iphoneos;
				SWIFT_VERSION = 5.0;
				TARGETED_DEVICE_FAMILY = "1,2";
				TEST_TARGET_NAME = "LWMusic (iOS)";
			};
			name = Debug;
		};
		AF21A58F266F498300607FCA /* Release */ = {
			isa = XCBuildConfiguration;
			buildSettings = {
				ALWAYS_EMBED_SWIFT_STANDARD_LIBRARIES = YES;
				CODE_SIGN_STYLE = Automatic;
				DEVELOPMENT_TEAM = MKU6U4NGA4;
				INFOPLIST_FILE = "Tests iOS/Info.plist";
				IPHONEOS_DEPLOYMENT_TARGET = 14.5;
				LD_RUNPATH_SEARCH_PATHS = (
					"$(inherited)",
					"@executable_path/Frameworks",
					"@loader_path/Frameworks",
				);
				PRODUCT_BUNDLE_IDENTIFIER = "com.kidea.lwmusic.Tests-iOS";
				PRODUCT_NAME = "$(TARGET_NAME)";
				SDKROOT = iphoneos;
				SWIFT_VERSION = 5.0;
				TARGETED_DEVICE_FAMILY = "1,2";
				TEST_TARGET_NAME = "LWMusic (iOS)";
				VALIDATE_PRODUCT = YES;
			};
			name = Release;
		};
		AF21A591266F498300607FCA /* Debug */ = {
			isa = XCBuildConfiguration;
			buildSettings = {
				ALWAYS_EMBED_SWIFT_STANDARD_LIBRARIES = YES;
				CODE_SIGN_STYLE = Automatic;
				COMBINE_HIDPI_IMAGES = YES;
				DEVELOPMENT_TEAM = MKU6U4NGA4;
				INFOPLIST_FILE = "Tests macOS/Info.plist";
				LD_RUNPATH_SEARCH_PATHS = (
					"$(inherited)",
					"@executable_path/../Frameworks",
					"@loader_path/../Frameworks",
				);
				MACOSX_DEPLOYMENT_TARGET = 11.3;
				PRODUCT_BUNDLE_IDENTIFIER = "com.kidea.lwmusic.Tests-macOS";
				PRODUCT_NAME = "$(TARGET_NAME)";
				SDKROOT = macosx;
				SWIFT_VERSION = 5.0;
				TEST_TARGET_NAME = "LWMusic (macOS)";
			};
			name = Debug;
		};
		AF21A592266F498300607FCA /* Release */ = {
			isa = XCBuildConfiguration;
			buildSettings = {
				ALWAYS_EMBED_SWIFT_STANDARD_LIBRARIES = YES;
				CODE_SIGN_STYLE = Automatic;
				COMBINE_HIDPI_IMAGES = YES;
				DEVELOPMENT_TEAM = MKU6U4NGA4;
				INFOPLIST_FILE = "Tests macOS/Info.plist";
				LD_RUNPATH_SEARCH_PATHS = (
					"$(inherited)",
					"@executable_path/../Frameworks",
					"@loader_path/../Frameworks",
				);
				MACOSX_DEPLOYMENT_TARGET = 11.3;
				PRODUCT_BUNDLE_IDENTIFIER = "com.kidea.lwmusic.Tests-macOS";
				PRODUCT_NAME = "$(TARGET_NAME)";
				SDKROOT = macosx;
				SWIFT_VERSION = 5.0;
				TEST_TARGET_NAME = "LWMusic (macOS)";
			};
			name = Release;
		};
		AF21A5A9266F4C9000607FCA /* Debug */ = {
			isa = XCBuildConfiguration;
			baseConfigurationReference = 0B2DDDF91967977CBD063251 /* Pods-LWMusicWidgetExtension.debug.xcconfig */;
			buildSettings = {
				ASSETCATALOG_COMPILER_GLOBAL_ACCENT_COLOR_NAME = AccentColor;
				ASSETCATALOG_COMPILER_WIDGET_BACKGROUND_COLOR_NAME = WidgetBackground;
				CODE_SIGN_ENTITLEMENTS = LWMusicWidgetExtension.entitlements;
				CODE_SIGN_STYLE = Automatic;
				DEVELOPMENT_TEAM = MKU6U4NGA4;
				INFOPLIST_FILE = LWMusicWidget/Info.plist;
				IPHONEOS_DEPLOYMENT_TARGET = 14.5;
				LD_RUNPATH_SEARCH_PATHS = (
					"$(inherited)",
					"@executable_path/Frameworks",
					"@executable_path/../../Frameworks",
				);
				PRODUCT_BUNDLE_IDENTIFIER = com.kidea.lwmusic.LWMusic.LWMusicWidget;
				PRODUCT_NAME = "$(TARGET_NAME)";
				SDKROOT = iphoneos;
				SKIP_INSTALL = YES;
				SWIFT_VERSION = 5.0;
				TARGETED_DEVICE_FAMILY = "1,2";
			};
			name = Debug;
		};
		AF21A5AA266F4C9000607FCA /* Release */ = {
			isa = XCBuildConfiguration;
			baseConfigurationReference = 34071A9A195BCCB09DC91B7B /* Pods-LWMusicWidgetExtension.release.xcconfig */;
			buildSettings = {
				ASSETCATALOG_COMPILER_GLOBAL_ACCENT_COLOR_NAME = AccentColor;
				ASSETCATALOG_COMPILER_WIDGET_BACKGROUND_COLOR_NAME = WidgetBackground;
				CODE_SIGN_ENTITLEMENTS = LWMusicWidgetExtension.entitlements;
				CODE_SIGN_STYLE = Automatic;
				DEVELOPMENT_TEAM = MKU6U4NGA4;
				INFOPLIST_FILE = LWMusicWidget/Info.plist;
				IPHONEOS_DEPLOYMENT_TARGET = 14.5;
				LD_RUNPATH_SEARCH_PATHS = (
					"$(inherited)",
					"@executable_path/Frameworks",
					"@executable_path/../../Frameworks",
				);
				PRODUCT_BUNDLE_IDENTIFIER = com.kidea.lwmusic.LWMusic.LWMusicWidget;
				PRODUCT_NAME = "$(TARGET_NAME)";
				SDKROOT = iphoneos;
				SKIP_INSTALL = YES;
				SWIFT_VERSION = 5.0;
				TARGETED_DEVICE_FAMILY = "1,2";
				VALIDATE_PRODUCT = YES;
			};
			name = Release;
		};
/* End XCBuildConfiguration section */

/* Begin XCConfigurationList section */
		AF21A554266F498100607FCA /* Build configuration list for PBXProject "LWMusic" */ = {
			isa = XCConfigurationList;
			buildConfigurations = (
				AF21A585266F498300607FCA /* Debug */,
				AF21A586266F498300607FCA /* Release */,
			);
			defaultConfigurationIsVisible = 0;
			defaultConfigurationName = Release;
		};
		AF21A587266F498300607FCA /* Build configuration list for PBXNativeTarget "LWMusic (iOS)" */ = {
			isa = XCConfigurationList;
			buildConfigurations = (
				AF21A588266F498300607FCA /* Debug */,
				AF21A589266F498300607FCA /* Release */,
			);
			defaultConfigurationIsVisible = 0;
			defaultConfigurationName = Release;
		};
		AF21A58A266F498300607FCA /* Build configuration list for PBXNativeTarget "LWMusic (macOS)" */ = {
			isa = XCConfigurationList;
			buildConfigurations = (
				AF21A58B266F498300607FCA /* Debug */,
				AF21A58C266F498300607FCA /* Release */,
			);
			defaultConfigurationIsVisible = 0;
			defaultConfigurationName = Release;
		};
		AF21A58D266F498300607FCA /* Build configuration list for PBXNativeTarget "Tests iOS" */ = {
			isa = XCConfigurationList;
			buildConfigurations = (
				AF21A58E266F498300607FCA /* Debug */,
				AF21A58F266F498300607FCA /* Release */,
			);
			defaultConfigurationIsVisible = 0;
			defaultConfigurationName = Release;
		};
		AF21A590266F498300607FCA /* Build configuration list for PBXNativeTarget "Tests macOS" */ = {
			isa = XCConfigurationList;
			buildConfigurations = (
				AF21A591266F498300607FCA /* Debug */,
				AF21A592266F498300607FCA /* Release */,
			);
			defaultConfigurationIsVisible = 0;
			defaultConfigurationName = Release;
		};
		AF21A5A8266F4C9000607FCA /* Build configuration list for PBXNativeTarget "LWMusicWidgetExtension" */ = {
			isa = XCConfigurationList;
			buildConfigurations = (
				AF21A5A9266F4C9000607FCA /* Debug */,
				AF21A5AA266F4C9000607FCA /* Release */,
			);
			defaultConfigurationIsVisible = 0;
			defaultConfigurationName = Release;
		};
/* End XCConfigurationList section */

/* Begin XCRemoteSwiftPackageReference section */
		AF6A9EC226B3DAB300B1AC3E /* XCRemoteSwiftPackageReference "Alamofire" */ = {
			isa = XCRemoteSwiftPackageReference;
			repositoryURL = "https://github.com/Alamofire/Alamofire.git";
			requirement = {
				kind = upToNextMajorVersion;
				minimumVersion = 5.4.3;
			};
		};
		AF6A9EC526B3DB7200B1AC3E /* XCRemoteSwiftPackageReference "Reachability" */ = {
			isa = XCRemoteSwiftPackageReference;
			repositoryURL = "https://github.com/ashleymills/Reachability.swift";
			requirement = {
				kind = upToNextMajorVersion;
				minimumVersion = 5.1.0;
			};
		};
		AF6A9EC826B3DDE200B1AC3E /* XCRemoteSwiftPackageReference "KeychainAccess" */ = {
			isa = XCRemoteSwiftPackageReference;
			repositoryURL = "https://github.com/kishikawakatsumi/KeychainAccess.git";
			requirement = {
				kind = upToNextMajorVersion;
				minimumVersion = 4.2.2;
			};
		};
		AF6A9ECB26B3EEB000B1AC3E /* XCRemoteSwiftPackageReference "SwiftyJSON" */ = {
			isa = XCRemoteSwiftPackageReference;
			repositoryURL = "https://github.com/SwiftyJSON/SwiftyJSON.git";
			requirement = {
				kind = upToNextMajorVersion;
				minimumVersion = 5.0.1;
			};
		};
/* End XCRemoteSwiftPackageReference section */

/* Begin XCSwiftPackageProductDependency section */
		AF6A9EC326B3DAB300B1AC3E /* Alamofire */ = {
			isa = XCSwiftPackageProductDependency;
			package = AF6A9EC226B3DAB300B1AC3E /* XCRemoteSwiftPackageReference "Alamofire" */;
			productName = Alamofire;
		};
		AF6A9EC626B3DB7200B1AC3E /* Reachability */ = {
			isa = XCSwiftPackageProductDependency;
			package = AF6A9EC526B3DB7200B1AC3E /* XCRemoteSwiftPackageReference "Reachability" */;
			productName = Reachability;
		};
		AF6A9EC926B3DDE200B1AC3E /* KeychainAccess */ = {
			isa = XCSwiftPackageProductDependency;
			package = AF6A9EC826B3DDE200B1AC3E /* XCRemoteSwiftPackageReference "KeychainAccess" */;
			productName = KeychainAccess;
		};
		AF6A9ECC26B3EEB000B1AC3E /* SwiftyJSON */ = {
			isa = XCSwiftPackageProductDependency;
			package = AF6A9ECB26B3EEB000B1AC3E /* XCRemoteSwiftPackageReference "SwiftyJSON" */;
			productName = SwiftyJSON;
		};
/* End XCSwiftPackageProductDependency section */
	};
	rootObject = AF21A551266F498100607FCA /* Project object */;
}
