PODS:
  - HandyJSON (5.0.2)
  - Kingfisher (6.3.1)

DEPENDENCIES:
  - HandyJSON
  - Kingfisher

SPEC REPOS:
  trunk:
    - HandyJSON
    - Kingfisher

SPEC CHECKSUMS:
  HandyJSON: 9e4e236f5d2dbefad5155a77417bbea438201c03
  Kingfisher: 016c8b653a35add51dd34a3aba36b580041acc74

PODFILE CHECKSUM: b6b52b73be9a520d108f3ad1e911003f2388f936

COCOAPODS: 1.10.1
